
Microsoft Visual Studio Solution File, Format Version 12.00
# Visual Studio Version 16
VisualStudioVersion = 16.0.31025.194
MinimumVisualStudioVersion = 15.0.26124.0
Project("{2150E333-8FDC-42A3-9474-1A3956D46DE8}") = "Core", "Core", "{0646FBB0-E1BD-4D1A-A9F6-71D391B00025}"
EndProject
Project("{2150E333-8FDC-42A3-9474-1A3956D46DE8}") = "Infrastructure", "Infrastructure", "{ED51F9FF-1F19-49E6-A842-A937AEDBBCBA}"
EndProject
Project("{2150E333-8FDC-42A3-9474-1A3956D46DE8}") = "Presentation", "Presentation", "{DD043C7C-D492-4CF7-94C2-1C0D562A151E}"
EndProject
Project("{2150E333-8FDC-42A3-9474-1A3956D46DE8}") = "Tests", "Tests", "{11F586DE-32DA-4099-94FB-3F9D817D1F85}"
EndProject
Project("{9A19103F-16F7-4668-BE54-9A1E7A4F7556}") = "Domain", "Domain\Domain.csproj", "{EE4B890B-988A-4E27-9AF5-BD11981137DC}"
EndProject
Project("{9A19103F-16F7-4668-BE54-9A1E7A4F7556}") = "Application", "Application\Application.csproj", "{94075C3E-82CC-4B12-A8A4-67BE0E2696EB}"
EndProject
Project("{9A19103F-16F7-4668-BE54-9A1E7A4F7556}") = "Persistence", "Persistence\Persistence.csproj", "{9D99A37B-E532-48EB-A5C7-DA1A60C1E738}"
EndProject
Project("{FAE04EC0-301F-11D3-BF4B-00C04F79EFBC}") = "WebApi", "WebApi\WebApi.csproj", "{A85A0258-5E54-4FB9-9B6A-961099D9FBED}"
EndProject
Project("{FAE04EC0-301F-11D3-BF4B-00C04F79EFBC}") = "Security", "Security\Security.csproj", "{47D325C7-6616-43E7-BDBD-F238C146E5FB}"
EndProject
Project("{FAE04EC0-301F-11D3-BF4B-00C04F79EFBC}") = "Presentation.Tests", "Presentation.Tests\Presentation.Tests.csproj", "{56B33646-DF9C-4516-BF63-91B0EF179AED}"
EndProject
Global
	GlobalSection(SolutionConfigurationPlatforms) = preSolution
		Debug|Any CPU = Debug|Any CPU
		Debug|x64 = Debug|x64
		Debug|x86 = Debug|x86
		Release|Any CPU = Release|Any CPU
		Release|x64 = Release|x64
		Release|x86 = Release|x86
	EndGlobalSection
	GlobalSection(ProjectConfigurationPlatforms) = postSolution
		{EE4B890B-988A-4E27-9AF5-BD11981137DC}.Debug|Any CPU.ActiveCfg = Debug|Any CPU
		{EE4B890B-988A-4E27-9AF5-BD11981137DC}.Debug|Any CPU.Build.0 = Debug|Any CPU
		{EE4B890B-988A-4E27-9AF5-BD11981137DC}.Debug|x64.ActiveCfg = Debug|Any CPU
		{EE4B890B-988A-4E27-9AF5-BD11981137DC}.Debug|x64.Build.0 = Debug|Any CPU
		{EE4B890B-988A-4E27-9AF5-BD11981137DC}.Debug|x86.ActiveCfg = Debug|Any CPU
		{EE4B890B-988A-4E27-9AF5-BD11981137DC}.Debug|x86.Build.0 = Debug|Any CPU
		{EE4B890B-988A-4E27-9AF5-BD11981137DC}.Release|Any CPU.ActiveCfg = Release|Any CPU
		{EE4B890B-988A-4E27-9AF5-BD11981137DC}.Release|Any CPU.Build.0 = Release|Any CPU
		{EE4B890B-988A-4E27-9AF5-BD11981137DC}.Release|x64.ActiveCfg = Release|Any CPU
		{EE4B890B-988A-4E27-9AF5-BD11981137DC}.Release|x64.Build.0 = Release|Any CPU
		{EE4B890B-988A-4E27-9AF5-BD11981137DC}.Release|x86.ActiveCfg = Release|Any CPU
		{EE4B890B-988A-4E27-9AF5-BD11981137DC}.Release|x86.Build.0 = Release|Any CPU
		{94075C3E-82CC-4B12-A8A4-67BE0E2696EB}.Debug|Any CPU.ActiveCfg = Debug|Any CPU
		{94075C3E-82CC-4B12-A8A4-67BE0E2696EB}.Debug|Any CPU.Build.0 = Debug|Any CPU
		{94075C3E-82CC-4B12-A8A4-67BE0E2696EB}.Debug|x64.ActiveCfg = Debug|Any CPU
		{94075C3E-82CC-4B12-A8A4-67BE0E2696EB}.Debug|x64.Build.0 = Debug|Any CPU
		{94075C3E-82CC-4B12-A8A4-67BE0E2696EB}.Debug|x86.ActiveCfg = Debug|Any CPU
		{94075C3E-82CC-4B12-A8A4-67BE0E2696EB}.Debug|x86.Build.0 = Debug|Any CPU
		{94075C3E-82CC-4B12-A8A4-67BE0E2696EB}.Release|Any CPU.ActiveCfg = Release|Any CPU
		{94075C3E-82CC-4B12-A8A4-67BE0E2696EB}.Release|Any CPU.Build.0 = Release|Any CPU
		{94075C3E-82CC-4B12-A8A4-67BE0E2696EB}.Release|x64.ActiveCfg = Release|Any CPU
		{94075C3E-82CC-4B12-A8A4-67BE0E2696EB}.Release|x64.Build.0 = Release|Any CPU
		{94075C3E-82CC-4B12-A8A4-67BE0E2696EB}.Release|x86.ActiveCfg = Release|Any CPU
		{94075C3E-82CC-4B12-A8A4-67BE0E2696EB}.Release|x86.Build.0 = Release|Any CPU
		{9D99A37B-E532-48EB-A5C7-DA1A60C1E738}.Debug|Any CPU.ActiveCfg = Debug|Any CPU
		{9D99A37B-E532-48EB-A5C7-DA1A60C1E738}.Debug|Any CPU.Build.0 = Debug|Any CPU
		{9D99A37B-E532-48EB-A5C7-DA1A60C1E738}.Debug|x64.ActiveCfg = Debug|Any CPU
		{9D99A37B-E532-48EB-A5C7-DA1A60C1E738}.Debug|x64.Build.0 = Debug|Any CPU
		{9D99A37B-E532-48EB-A5C7-DA1A60C1E738}.Debug|x86.ActiveCfg = Debug|Any CPU
		{9D99A37B-E532-48EB-A5C7-DA1A60C1E738}.Debug|x86.Build.0 = Debug|Any CPU
		{9D99A37B-E532-48EB-A5C7-DA1A60C1E738}.Release|Any CPU.ActiveCfg = Release|Any CPU
		{9D99A37B-E532-48EB-A5C7-DA1A60C1E738}.Release|Any CPU.Build.0 = Release|Any CPU
		{9D99A37B-E532-48EB-A5C7-DA1A60C1E738}.Release|x64.ActiveCfg = Release|Any CPU
		{9D99A37B-E532-48EB-A5C7-DA1A60C1E738}.Release|x64.Build.0 = Release|Any CPU
		{9D99A37B-E532-48EB-A5C7-DA1A60C1E738}.Release|x86.ActiveCfg = Release|Any CPU
		{9D99A37B-E532-48EB-A5C7-DA1A60C1E738}.Release|x86.Build.0 = Release|Any CPU
		{A85A0258-5E54-4FB9-9B6A-961099D9FBED}.Debug|Any CPU.ActiveCfg = Debug|Any CPU
		{A85A0258-5E54-4FB9-9B6A-961099D9FBED}.Debug|Any CPU.Build.0 = Debug|Any CPU
		{A85A0258-5E54-4FB9-9B6A-961099D9FBED}.Debug|x64.ActiveCfg = Debug|Any CPU
		{A85A0258-5E54-4FB9-9B6A-961099D9FBED}.Debug|x64.Build.0 = Debug|Any CPU
		{A85A0258-5E54-4FB9-9B6A-961099D9FBED}.Debug|x86.ActiveCfg = Debug|Any CPU
		{A85A0258-5E54-4FB9-9B6A-961099D9FBED}.Debug|x86.Build.0 = Debug|Any CPU
		{A85A0258-5E54-4FB9-9B6A-961099D9FBED}.Release|Any CPU.ActiveCfg = Release|Any CPU
		{A85A0258-5E54-4FB9-9B6A-961099D9FBED}.Release|Any CPU.Build.0 = Release|Any CPU
		{A85A0258-5E54-4FB9-9B6A-961099D9FBED}.Release|x64.ActiveCfg = Release|Any CPU
		{A85A0258-5E54-4FB9-9B6A-961099D9FBED}.Release|x64.Build.0 = Release|Any CPU
		{A85A0258-5E54-4FB9-9B6A-961099D9FBED}.Release|x86.ActiveCfg = Release|Any CPU
		{A85A0258-5E54-4FB9-9B6A-961099D9FBED}.Release|x86.Build.0 = Release|Any CPU
		{47D325C7-6616-43E7-BDBD-F238C146E5FB}.Debug|Any CPU.ActiveCfg = Debug|Any CPU
		{47D325C7-6616-43E7-BDBD-F238C146E5FB}.Debug|Any CPU.Build.0 = Debug|Any CPU
		{47D325C7-6616-43E7-BDBD-F238C146E5FB}.Debug|x64.ActiveCfg = Debug|Any CPU
		{47D325C7-6616-43E7-BDBD-F238C146E5FB}.Debug|x64.Build.0 = Debug|Any CPU
		{47D325C7-6616-43E7-BDBD-F238C146E5FB}.Debug|x86.ActiveCfg = Debug|Any CPU
		{47D325C7-6616-43E7-BDBD-F238C146E5FB}.Debug|x86.Build.0 = Debug|Any CPU
		{47D325C7-6616-43E7-BDBD-F238C146E5FB}.Release|Any CPU.ActiveCfg = Release|Any CPU
		{47D325C7-6616-43E7-BDBD-F238C146E5FB}.Release|Any CPU.Build.0 = Release|Any CPU
		{47D325C7-6616-43E7-BDBD-F238C146E5FB}.Release|x64.ActiveCfg = Release|Any CPU
		{47D325C7-6616-43E7-BDBD-F238C146E5FB}.Release|x64.Build.0 = Release|Any CPU
		{47D325C7-6616-43E7-BDBD-F238C146E5FB}.Release|x86.ActiveCfg = Release|Any CPU
		{47D325C7-6616-43E7-BDBD-F238C146E5FB}.Release|x86.Build.0 = Release|Any CPU
		{56B33646-DF9C-4516-BF63-91B0EF179AED}.Debug|Any CPU.ActiveCfg = Debug|Any CPU
		{56B33646-DF9C-4516-BF63-91B0EF179AED}.Debug|Any CPU.Build.0 = Debug|Any CPU
		{56B33646-DF9C-4516-BF63-91B0EF179AED}.Debug|x64.ActiveCfg = Debug|Any CPU
		{56B33646-DF9C-4516-BF63-91B0EF179AED}.Debug|x64.Build.0 = Debug|Any CPU
		{56B33646-DF9C-4516-BF63-91B0EF179AED}.Debug|x86.ActiveCfg = Debug|Any CPU
		{56B33646-DF9C-4516-BF63-91B0EF179AED}.Debug|x86.Build.0 = Debug|Any CPU
		{56B33646-DF9C-4516-BF63-91B0EF179AED}.Release|Any CPU.ActiveCfg = Release|Any CPU
		{56B33646-DF9C-4516-BF63-91B0EF179AED}.Release|Any CPU.Build.0 = Release|Any CPU
		{56B33646-DF9C-4516-BF63-91B0EF179AED}.Release|x64.ActiveCfg = Release|Any CPU
		{56B33646-DF9C-4516-BF63-91B0EF179AED}.Release|x64.Build.0 = Release|Any CPU
		{56B33646-DF9C-4516-BF63-91B0EF179AED}.Release|x86.ActiveCfg = Release|Any CPU
		{56B33646-DF9C-4516-BF63-91B0EF179AED}.Release|x86.Build.0 = Release|Any CPU
	EndGlobalSection
	GlobalSection(SolutionProperties) = preSolution
		HideSolutionNode = FALSE
	EndGlobalSection
	GlobalSection(NestedProjects) = preSolution
		{EE4B890B-988A-4E27-9AF5-BD11981137DC} = {0646FBB0-E1BD-4D1A-A9F6-71D391B00025}
		{94075C3E-82CC-4B12-A8A4-67BE0E2696EB} = {0646FBB0-E1BD-4D1A-A9F6-71D391B00025}
		{9D99A37B-E532-48EB-A5C7-DA1A60C1E738} = {ED51F9FF-1F19-49E6-A842-A937AEDBBCBA}
		{A85A0258-5E54-4FB9-9B6A-961099D9FBED} = {DD043C7C-D492-4CF7-94C2-1C0D562A151E}
		{47D325C7-6616-43E7-BDBD-F238C146E5FB} = {ED51F9FF-1F19-49E6-A842-A937AEDBBCBA}
		{56B33646-DF9C-4516-BF63-91B0EF179AED} = {11F586DE-32DA-4099-94FB-3F9D817D1F85}
	EndGlobalSection
	GlobalSection(ExtensibilityGlobals) = postSolution
		SolutionGuid = {49C53EF1-E7D0-456D-9A30-7146F86C5E60}
	EndGlobalSection
EndGlobal
